// !$*UTF8*$!
{
	archiveVersion = 1;
	classes = {
	};
	objectVersion = 50;
	objects = {

/* Begin PBXBuildFile section */
		04BB729821F99037009E7E9C /* CLDBViewController.m in Sources */ = {isa = PBXBuildFile; fileRef = 04BB729721F99037009E7E9C /* CLDBViewController.m */; };
		04BB729B21F99065009E7E9C /* User.m in Sources */ = {isa = PBXBuildFile; fileRef = 04BB729A21F99065009E7E9C /* User.m */; };
		4231D09E5CCFD058D14C4D43 /* libPods-CLKits.a in Frameworks */ = {isa = PBXBuildFile; fileRef = A737BD4D605BC371409D9C32 /* libPods-CLKits.a */; };
		9024A81C21C1FA6800475C50 /* AppDelegate.m in Sources */ = {isa = PBXBuildFile; fileRef = 9024A81B21C1FA6800475C50 /* AppDelegate.m */; };
		9024A81F21C1FA6800475C50 /* ViewController.m in Sources */ = {isa = PBXBuildFile; fileRef = 9024A81E21C1FA6800475C50 /* ViewController.m */; };
		9024A82421C1FA6900475C50 /* Assets.xcassets in Resources */ = {isa = PBXBuildFile; fileRef = 9024A82321C1FA6900475C50 /* Assets.xcassets */; };
		9024A82721C1FA6900475C50 /* LaunchScreen.storyboard in Resources */ = {isa = PBXBuildFile; fileRef = 9024A82521C1FA6900475C50 /* LaunchScreen.storyboard */; };
		9024A82A21C1FA6900475C50 /* main.m in Sources */ = {isa = PBXBuildFile; fileRef = 9024A82921C1FA6900475C50 /* main.m */; };
		9024A84E21C1FAB900475C50 /* CLNetworkingViewController.m in Sources */ = {isa = PBXBuildFile; fileRef = 9024A84A21C1FAB900475C50 /* CLNetworkingViewController.m */; };
		9024A84F21C1FAB900475C50 /* CLPopingViewController.m in Sources */ = {isa = PBXBuildFile; fileRef = 9024A84D21C1FAB900475C50 /* CLPopingViewController.m */; };
		B413A58825217F4D0075149E /* CLKeyboardView.m in Sources */ = {isa = PBXBuildFile; fileRef = B413A58725217F4D0075149E /* CLKeyboardView.m */; };
		B413A58C25217F7A0075149E /* CLKeyboardModel.m in Sources */ = {isa = PBXBuildFile; fileRef = B413A58B25217F7A0075149E /* CLKeyboardModel.m */; };
		B413A58F252185A10075149E /* CLKeyboardButton.m in Sources */ = {isa = PBXBuildFile; fileRef = B413A58E252185A10075149E /* CLKeyboardButton.m */; };
		B413A596252188100075149E /* AmountScrollView.m in Sources */ = {isa = PBXBuildFile; fileRef = B413A593252188100075149E /* AmountScrollView.m */; };
		B413A597252188100075149E /* AmountRuler.m in Sources */ = {isa = PBXBuildFile; fileRef = B413A594252188100075149E /* AmountRuler.m */; };
		B41E2D30221A5B5900DD5845 /* CLHUD.m in Sources */ = {isa = PBXBuildFile; fileRef = B41E2D2F221A5B5900DD5845 /* CLHUD.m */; };
		B452CD7A2223D19600169FF8 /* CLAlertViewCloseButton@3x.png in Resources */ = {isa = PBXBuildFile; fileRef = B452CD782223D19600169FF8 /* CLAlertViewCloseButton@3x.png */; };
		B452CD7B2223D19600169FF8 /* CLAlertViewCloseButton@2x.png in Resources */ = {isa = PBXBuildFile; fileRef = B452CD792223D19600169FF8 /* CLAlertViewCloseButton@2x.png */; };
		B452CD7D2223E52C00169FF8 /* github.png in Resources */ = {isa = PBXBuildFile; fileRef = B452CD7C2223E52C00169FF8 /* github.png */; };
		B46C056B221D2A9300B48510 /* CLKits.podspec in Resources */ = {isa = PBXBuildFile; fileRef = B46C056A221D2A9300B48510 /* CLKits.podspec */; };
		B47324CF221BA318000361CA /* CLColorfulActivityView.m in Sources */ = {isa = PBXBuildFile; fileRef = B47324CB221BA318000361CA /* CLColorfulActivityView.m */; };
		B47324D0221BA318000361CA /* CLActivityIndicatorView.m in Sources */ = {isa = PBXBuildFile; fileRef = B47324CE221BA318000361CA /* CLActivityIndicatorView.m */; };
		B47324D6221BDC2A000361CA /* ViewMaskAnimatedCircle.png in Resources */ = {isa = PBXBuildFile; fileRef = B47324D4221BDC2A000361CA /* ViewMaskAnimatedCircle.png */; };
		B47324D7221BDC2A000361CA /* ViewMaskCenter.png in Resources */ = {isa = PBXBuildFile; fileRef = B47324D5221BDC2A000361CA /* ViewMaskCenter.png */; };
		B479B243247B6A72008456A1 /* UITestBaseViewController.m in Sources */ = {isa = PBXBuildFile; fileRef = B479B242247B6A72008456A1 /* UITestBaseViewController.m */; };
		B479B249247BAE90008456A1 /* CLFormatField.m in Sources */ = {isa = PBXBuildFile; fileRef = B479B246247BAE90008456A1 /* CLFormatField.m */; };
		B479B24A247BAE90008456A1 /* clformatfield_clear_button.png in Resources */ = {isa = PBXBuildFile; fileRef = B479B247247BAE90008456A1 /* clformatfield_clear_button.png */; };
		B479B254247BAF3B008456A1 /* NSString+Separate.m in Sources */ = {isa = PBXBuildFile; fileRef = B479B24F247BAF3A008456A1 /* NSString+Separate.m */; };
		B479B255247BAF3B008456A1 /* NSString+Helper.m in Sources */ = {isa = PBXBuildFile; fileRef = B479B250247BAF3A008456A1 /* NSString+Helper.m */; };
		B479B256247BAF3B008456A1 /* UITextField+ExtentRange.m in Sources */ = {isa = PBXBuildFile; fileRef = B479B253247BAF3A008456A1 /* UITextField+ExtentRange.m */; };
		B479B25A247BB347008456A1 /* CLIconButton.m in Sources */ = {isa = PBXBuildFile; fileRef = B479B259247BB347008456A1 /* CLIconButton.m */; };
		B479B25E247BB39E008456A1 /* CLImageButton.m in Sources */ = {isa = PBXBuildFile; fileRef = B479B25C247BB39E008456A1 /* CLImageButton.m */; };
		B479B262247BB4BF008456A1 /* CLCheckBox.m in Sources */ = {isa = PBXBuildFile; fileRef = B479B261247BB4BF008456A1 /* CLCheckBox.m */; };
		B479B272247BB552008456A1 /* checkbox_selected@2x.png in Resources */ = {isa = PBXBuildFile; fileRef = B479B26E247BB551008456A1 /* checkbox_selected@2x.png */; };
		B479B273247BB552008456A1 /* checkbox_selected@3x.png in Resources */ = {isa = PBXBuildFile; fileRef = B479B26F247BB551008456A1 /* checkbox_selected@3x.png */; };
		B479B274247BB552008456A1 /* checkbox@2x.png in Resources */ = {isa = PBXBuildFile; fileRef = B479B270247BB551008456A1 /* checkbox@2x.png */; };
		B479B275247BB552008456A1 /* checkbox@3x.png in Resources */ = {isa = PBXBuildFile; fileRef = B479B271247BB552008456A1 /* checkbox@3x.png */; };
		B479B278247BB69D008456A1 /* NSString+Utils.m in Sources */ = {isa = PBXBuildFile; fileRef = B479B277247BB69D008456A1 /* NSString+Utils.m */; };
		B479B27B247BB6C7008456A1 /* JSONWrapper.m in Sources */ = {isa = PBXBuildFile; fileRef = B479B279247BB6C7008456A1 /* JSONWrapper.m */; };
		B4BF40E4221F9D0F00B0C35E /* CLAlertView.m in Sources */ = {isa = PBXBuildFile; fileRef = B4BF40E3221F9D0F00B0C35E /* CLAlertView.m */; };
		B4C677D022266F6500E2B6E0 /* CLQRCode.m in Sources */ = {isa = PBXBuildFile; fileRef = B4C677CF22266F6500E2B6E0 /* CLQRCode.m */; };
		BA15E2BA22034BE600C9D7AE /* JKDBHelper.m in Sources */ = {isa = PBXBuildFile; fileRef = BA15E2B722034BE600C9D7AE /* JKDBHelper.m */; };
		BA15E2BB22034BE700C9D7AE /* JKDBModel.m in Sources */ = {isa = PBXBuildFile; fileRef = BA15E2B822034BE600C9D7AE /* JKDBModel.m */; };
		BA15E2E72204880D00C9D7AE /* CLActionSheet.m in Sources */ = {isa = PBXBuildFile; fileRef = BA15E2E62204880D00C9D7AE /* CLActionSheet.m */; };
		BA850C0421F89D84005248B5 /* CLUIViewController.m in Sources */ = {isa = PBXBuildFile; fileRef = BA850C0221F89D84005248B5 /* CLUIViewController.m */; };
		BA850C1921F89DDD005248B5 /* UIView+CLFaster.m in Sources */ = {isa = PBXBuildFile; fileRef = BA850C0B21F89DDD005248B5 /* UIView+CLFaster.m */; };
		BA850C1A21F89DDD005248B5 /* UIButton+CLFaster.m in Sources */ = {isa = PBXBuildFile; fileRef = BA850C0C21F89DDD005248B5 /* UIButton+CLFaster.m */; };
		BA850C1B21F89DDD005248B5 /* UILabel+CLFaster.m in Sources */ = {isa = PBXBuildFile; fileRef = BA850C0D21F89DDD005248B5 /* UILabel+CLFaster.m */; };
		BA850C1C21F89DDD005248B5 /* CLNetworking.m in Sources */ = {isa = PBXBuildFile; fileRef = BA850C1121F89DDD005248B5 /* CLNetworking.m */; };
		BA850C1D21F89DDD005248B5 /* EWSHttpRequest.m in Sources */ = {isa = PBXBuildFile; fileRef = BA850C1221F89DDD005248B5 /* EWSHttpRequest.m */; };
		BA850C1F21F89DDD005248B5 /* UIView+CLPopAnimation.m in Sources */ = {isa = PBXBuildFile; fileRef = BA850C1721F89DDD005248B5 /* UIView+CLPopAnimation.m */; };
/* End PBXBuildFile section */

/* Begin PBXFileReference section */
		04BB729621F99037009E7E9C /* CLDBViewController.h */ = {isa = PBXFileReference; lastKnownFileType = sourcecode.c.h; path = CLDBViewController.h; sourceTree = "<group>"; };
		04BB729721F99037009E7E9C /* CLDBViewController.m */ = {isa = PBXFileReference; lastKnownFileType = sourcecode.c.objc; path = CLDBViewController.m; sourceTree = "<group>"; };
		04BB729921F99065009E7E9C /* User.h */ = {isa = PBXFileReference; lastKnownFileType = sourcecode.c.h; path = User.h; sourceTree = "<group>"; };
		04BB729A21F99065009E7E9C /* User.m */ = {isa = PBXFileReference; lastKnownFileType = sourcecode.c.objc; path = User.m; sourceTree = "<group>"; };
		519DF7D04BF0E33D5ACA5B27 /* Pods-CLKits.debug.xcconfig */ = {isa = PBXFileReference; includeInIndex = 1; lastKnownFileType = text.xcconfig; name = "Pods-CLKits.debug.xcconfig"; path = "Pods/Target Support Files/Pods-CLKits/Pods-CLKits.debug.xcconfig"; sourceTree = "<group>"; };
		9024A81721C1FA6800475C50 /* CLKits.app */ = {isa = PBXFileReference; explicitFileType = wrapper.application; includeInIndex = 0; path = CLKits.app; sourceTree = BUILT_PRODUCTS_DIR; };
		9024A81A21C1FA6800475C50 /* AppDelegate.h */ = {isa = PBXFileReference; lastKnownFileType = sourcecode.c.h; path = AppDelegate.h; sourceTree = "<group>"; };
		9024A81B21C1FA6800475C50 /* AppDelegate.m */ = {isa = PBXFileReference; lastKnownFileType = sourcecode.c.objc; path = AppDelegate.m; sourceTree = "<group>"; };
		9024A81D21C1FA6800475C50 /* ViewController.h */ = {isa = PBXFileReference; lastKnownFileType = sourcecode.c.h; path = ViewController.h; sourceTree = "<group>"; };
		9024A81E21C1FA6800475C50 /* ViewController.m */ = {isa = PBXFileReference; lastKnownFileType = sourcecode.c.objc; path = ViewController.m; sourceTree = "<group>"; };
		9024A82321C1FA6900475C50 /* Assets.xcassets */ = {isa = PBXFileReference; lastKnownFileType = folder.assetcatalog; path = Assets.xcassets; sourceTree = "<group>"; };
		9024A82621C1FA6900475C50 /* Base */ = {isa = PBXFileReference; lastKnownFileType = file.storyboard; name = Base; path = Base.lproj/LaunchScreen.storyboard; sourceTree = "<group>"; };
		9024A82821C1FA6900475C50 /* Info.plist */ = {isa = PBXFileReference; lastKnownFileType = text.plist.xml; path = Info.plist; sourceTree = "<group>"; };
		9024A82921C1FA6900475C50 /* main.m */ = {isa = PBXFileReference; lastKnownFileType = sourcecode.c.objc; path = main.m; sourceTree = "<group>"; };
		9024A84921C1FAB900475C50 /* CLNetworkingViewController.h */ = {isa = PBXFileReference; fileEncoding = 4; lastKnownFileType = sourcecode.c.h; path = CLNetworkingViewController.h; sourceTree = "<group>"; };
		9024A84A21C1FAB900475C50 /* CLNetworkingViewController.m */ = {isa = PBXFileReference; fileEncoding = 4; lastKnownFileType = sourcecode.c.objc; path = CLNetworkingViewController.m; sourceTree = "<group>"; };
		9024A84C21C1FAB900475C50 /* CLPopingViewController.h */ = {isa = PBXFileReference; fileEncoding = 4; lastKnownFileType = sourcecode.c.h; path = CLPopingViewController.h; sourceTree = "<group>"; };
		9024A84D21C1FAB900475C50 /* CLPopingViewController.m */ = {isa = PBXFileReference; fileEncoding = 4; lastKnownFileType = sourcecode.c.objc; path = CLPopingViewController.m; sourceTree = "<group>"; };
		9FDBF9F0FFE168A1B954F59E /* Pods-CLKits.release.xcconfig */ = {isa = PBXFileReference; includeInIndex = 1; lastKnownFileType = text.xcconfig; name = "Pods-CLKits.release.xcconfig"; path = "Pods/Target Support Files/Pods-CLKits/Pods-CLKits.release.xcconfig"; sourceTree = "<group>"; };
		A737BD4D605BC371409D9C32 /* libPods-CLKits.a */ = {isa = PBXFileReference; explicitFileType = archive.ar; includeInIndex = 0; path = "libPods-CLKits.a"; sourceTree = BUILT_PRODUCTS_DIR; };
		B413A58625217F4D0075149E /* CLKeyboardView.h */ = {isa = PBXFileReference; lastKnownFileType = sourcecode.c.h; path = CLKeyboardView.h; sourceTree = "<group>"; };
		B413A58725217F4D0075149E /* CLKeyboardView.m */ = {isa = PBXFileReference; lastKnownFileType = sourcecode.c.objc; path = CLKeyboardView.m; sourceTree = "<group>"; };
		B413A58A25217F7A0075149E /* CLKeyboardModel.h */ = {isa = PBXFileReference; lastKnownFileType = sourcecode.c.h; path = CLKeyboardModel.h; sourceTree = "<group>"; };
		B413A58B25217F7A0075149E /* CLKeyboardModel.m */ = {isa = PBXFileReference; lastKnownFileType = sourcecode.c.objc; path = CLKeyboardModel.m; sourceTree = "<group>"; };
		B413A58D252185A10075149E /* CLKeyboardButton.h */ = {isa = PBXFileReference; lastKnownFileType = sourcecode.c.h; path = CLKeyboardButton.h; sourceTree = "<group>"; };
		B413A58E252185A10075149E /* CLKeyboardButton.m */ = {isa = PBXFileReference; lastKnownFileType = sourcecode.c.objc; path = CLKeyboardButton.m; sourceTree = "<group>"; };
		B413A590252187860075149E /* JKSizeFix.h */ = {isa = PBXFileReference; fileEncoding = 4; lastKnownFileType = sourcecode.c.h; path = JKSizeFix.h; sourceTree = "<group>"; };
		B413A592252188100075149E /* AmountRuler.h */ = {isa = PBXFileReference; fileEncoding = 4; lastKnownFileType = sourcecode.c.h; path = AmountRuler.h; sourceTree = "<group>"; };
		B413A593252188100075149E /* AmountScrollView.m */ = {isa = PBXFileReference; fileEncoding = 4; lastKnownFileType = sourcecode.c.objc; path = AmountScrollView.m; sourceTree = "<group>"; };
		B413A594252188100075149E /* AmountRuler.m */ = {isa = PBXFileReference; fileEncoding = 4; lastKnownFileType = sourcecode.c.objc; path = AmountRuler.m; sourceTree = "<group>"; };
		B413A595252188100075149E /* AmountScrollView.h */ = {isa = PBXFileReference; fileEncoding = 4; lastKnownFileType = sourcecode.c.h; path = AmountScrollView.h; sourceTree = "<group>"; };
		B41E2D2E221A5B5900DD5845 /* CLHUD.h */ = {isa = PBXFileReference; lastKnownFileType = sourcecode.c.h; path = CLHUD.h; sourceTree = "<group>"; };
		B41E2D2F221A5B5900DD5845 /* CLHUD.m */ = {isa = PBXFileReference; lastKnownFileType = sourcecode.c.objc; path = CLHUD.m; sourceTree = "<group>"; };
		B452CD782223D19600169FF8 /* CLAlertViewCloseButton@3x.png */ = {isa = PBXFileReference; lastKnownFileType = image.png; path = "CLAlertViewCloseButton@3x.png"; sourceTree = "<group>"; };
		B452CD792223D19600169FF8 /* CLAlertViewCloseButton@2x.png */ = {isa = PBXFileReference; lastKnownFileType = image.png; path = "CLAlertViewCloseButton@2x.png"; sourceTree = "<group>"; };
		B452CD7C2223E52C00169FF8 /* github.png */ = {isa = PBXFileReference; lastKnownFileType = image.png; path = github.png; sourceTree = "<group>"; };
		B46C056A221D2A9300B48510 /* CLKits.podspec */ = {isa = PBXFileReference; fileEncoding = 4; lastKnownFileType = text; name = CLKits.podspec; path = ../CLKits.podspec; sourceTree = "<group>"; };
		B47324CB221BA318000361CA /* CLColorfulActivityView.m */ = {isa = PBXFileReference; fileEncoding = 4; lastKnownFileType = sourcecode.c.objc; path = CLColorfulActivityView.m; sourceTree = "<group>"; };
		B47324CC221BA318000361CA /* CLColorfulActivityView.h */ = {isa = PBXFileReference; fileEncoding = 4; lastKnownFileType = sourcecode.c.h; path = CLColorfulActivityView.h; sourceTree = "<group>"; };
		B47324CD221BA318000361CA /* CLActivityIndicatorView.h */ = {isa = PBXFileReference; fileEncoding = 4; lastKnownFileType = sourcecode.c.h; path = CLActivityIndicatorView.h; sourceTree = "<group>"; };
		B47324CE221BA318000361CA /* CLActivityIndicatorView.m */ = {isa = PBXFileReference; fileEncoding = 4; lastKnownFileType = sourcecode.c.objc; path = CLActivityIndicatorView.m; sourceTree = "<group>"; };
		B47324D4221BDC2A000361CA /* ViewMaskAnimatedCircle.png */ = {isa = PBXFileReference; lastKnownFileType = image.png; path = ViewMaskAnimatedCircle.png; sourceTree = "<group>"; };
		B47324D5221BDC2A000361CA /* ViewMaskCenter.png */ = {isa = PBXFileReference; lastKnownFileType = image.png; path = ViewMaskCenter.png; sourceTree = "<group>"; };
		B479B240247B6765008456A1 /* EnvConstant.h */ = {isa = PBXFileReference; lastKnownFileType = sourcecode.c.h; path = EnvConstant.h; sourceTree = "<group>"; };
		B479B241247B6A72008456A1 /* UITestBaseViewController.h */ = {isa = PBXFileReference; lastKnownFileType = sourcecode.c.h; path = UITestBaseViewController.h; sourceTree = "<group>"; };
		B479B242247B6A72008456A1 /* UITestBaseViewController.m */ = {isa = PBXFileReference; lastKnownFileType = sourcecode.c.objc; path = UITestBaseViewController.m; sourceTree = "<group>"; };
		B479B246247BAE90008456A1 /* CLFormatField.m */ = {isa = PBXFileReference; fileEncoding = 4; lastKnownFileType = sourcecode.c.objc; path = CLFormatField.m; sourceTree = "<group>"; };
		B479B247247BAE90008456A1 /* clformatfield_clear_button.png */ = {isa = PBXFileReference; lastKnownFileType = image.png; path = clformatfield_clear_button.png; sourceTree = "<group>"; };
		B479B248247BAE90008456A1 /* CLFormatField.h */ = {isa = PBXFileReference; fileEncoding = 4; lastKnownFileType = sourcecode.c.h; path = CLFormatField.h; sourceTree = "<group>"; };
		B479B24E247BAF3A008456A1 /* NSString+Separate.h */ = {isa = PBXFileReference; fileEncoding = 4; lastKnownFileType = sourcecode.c.h; path = "NSString+Separate.h"; sourceTree = "<group>"; };
		B479B24F247BAF3A008456A1 /* NSString+Separate.m */ = {isa = PBXFileReference; fileEncoding = 4; lastKnownFileType = sourcecode.c.objc; path = "NSString+Separate.m"; sourceTree = "<group>"; };
		B479B250247BAF3A008456A1 /* NSString+Helper.m */ = {isa = PBXFileReference; fileEncoding = 4; lastKnownFileType = sourcecode.c.objc; path = "NSString+Helper.m"; sourceTree = "<group>"; };
		B479B251247BAF3A008456A1 /* NSString+Helper.h */ = {isa = PBXFileReference; fileEncoding = 4; lastKnownFileType = sourcecode.c.h; path = "NSString+Helper.h"; sourceTree = "<group>"; };
		B479B252247BAF3A008456A1 /* UITextField+ExtentRange.h */ = {isa = PBXFileReference; fileEncoding = 4; lastKnownFileType = sourcecode.c.h; path = "UITextField+ExtentRange.h"; sourceTree = "<group>"; };
		B479B253247BAF3A008456A1 /* UITextField+ExtentRange.m */ = {isa = PBXFileReference; fileEncoding = 4; lastKnownFileType = sourcecode.c.objc; path = "UITextField+ExtentRange.m"; sourceTree = "<group>"; };
		B479B258247BB347008456A1 /* CLIconButton.h */ = {isa = PBXFileReference; lastKnownFileType = sourcecode.c.h; path = CLIconButton.h; sourceTree = "<group>"; };
		B479B259247BB347008456A1 /* CLIconButton.m */ = {isa = PBXFileReference; lastKnownFileType = sourcecode.c.objc; path = CLIconButton.m; sourceTree = "<group>"; };
		B479B25C247BB39E008456A1 /* CLImageButton.m */ = {isa = PBXFileReference; fileEncoding = 4; lastKnownFileType = sourcecode.c.objc; path = CLImageButton.m; sourceTree = "<group>"; };
		B479B25D247BB39E008456A1 /* CLImageButton.h */ = {isa = PBXFileReference; fileEncoding = 4; lastKnownFileType = sourcecode.c.h; path = CLImageButton.h; sourceTree = "<group>"; };
		B479B260247BB4BF008456A1 /* CLCheckBox.h */ = {isa = PBXFileReference; lastKnownFileType = sourcecode.c.h; path = CLCheckBox.h; sourceTree = "<group>"; };
		B479B261247BB4BF008456A1 /* CLCheckBox.m */ = {isa = PBXFileReference; lastKnownFileType = sourcecode.c.objc; path = CLCheckBox.m; sourceTree = "<group>"; };
		B479B26E247BB551008456A1 /* checkbox_selected@2x.png */ = {isa = PBXFileReference; lastKnownFileType = image.png; path = "checkbox_selected@2x.png"; sourceTree = "<group>"; };
		B479B26F247BB551008456A1 /* checkbox_selected@3x.png */ = {isa = PBXFileReference; lastKnownFileType = image.png; path = "checkbox_selected@3x.png"; sourceTree = "<group>"; };
		B479B270247BB551008456A1 /* checkbox@2x.png */ = {isa = PBXFileReference; lastKnownFileType = image.png; path = "checkbox@2x.png"; sourceTree = "<group>"; };
		B479B271247BB552008456A1 /* checkbox@3x.png */ = {isa = PBXFileReference; lastKnownFileType = image.png; path = "checkbox@3x.png"; sourceTree = "<group>"; };
		B479B276247BB69D008456A1 /* NSString+Utils.h */ = {isa = PBXFileReference; lastKnownFileType = sourcecode.c.h; path = "NSString+Utils.h"; sourceTree = "<group>"; };
		B479B277247BB69D008456A1 /* NSString+Utils.m */ = {isa = PBXFileReference; lastKnownFileType = sourcecode.c.objc; path = "NSString+Utils.m"; sourceTree = "<group>"; };
		B479B279247BB6C7008456A1 /* JSONWrapper.m */ = {isa = PBXFileReference; fileEncoding = 4; lastKnownFileType = sourcecode.c.objc; path = JSONWrapper.m; sourceTree = "<group>"; };
		B479B27A247BB6C7008456A1 /* JSONWrapper.h */ = {isa = PBXFileReference; fileEncoding = 4; lastKnownFileType = sourcecode.c.h; path = JSONWrapper.h; sourceTree = "<group>"; };
		B4BF40E2221F9D0F00B0C35E /* CLAlertView.h */ = {isa = PBXFileReference; lastKnownFileType = sourcecode.c.h; path = CLAlertView.h; sourceTree = "<group>"; };
		B4BF40E3221F9D0F00B0C35E /* CLAlertView.m */ = {isa = PBXFileReference; lastKnownFileType = sourcecode.c.objc; path = CLAlertView.m; sourceTree = "<group>"; };
		B4C677CE22266F6500E2B6E0 /* CLQRCode.h */ = {isa = PBXFileReference; lastKnownFileType = sourcecode.c.h; path = CLQRCode.h; sourceTree = "<group>"; };
		B4C677CF22266F6500E2B6E0 /* CLQRCode.m */ = {isa = PBXFileReference; lastKnownFileType = sourcecode.c.objc; path = CLQRCode.m; sourceTree = "<group>"; };
		BA15E2B622034BE600C9D7AE /* JKDBModel.h */ = {isa = PBXFileReference; fileEncoding = 4; lastKnownFileType = sourcecode.c.h; path = JKDBModel.h; sourceTree = "<group>"; };
		BA15E2B722034BE600C9D7AE /* JKDBHelper.m */ = {isa = PBXFileReference; fileEncoding = 4; lastKnownFileType = sourcecode.c.objc; path = JKDBHelper.m; sourceTree = "<group>"; };
		BA15E2B822034BE600C9D7AE /* JKDBModel.m */ = {isa = PBXFileReference; fileEncoding = 4; lastKnownFileType = sourcecode.c.objc; path = JKDBModel.m; sourceTree = "<group>"; };
		BA15E2B922034BE600C9D7AE /* JKDBHelper.h */ = {isa = PBXFileReference; fileEncoding = 4; lastKnownFileType = sourcecode.c.h; path = JKDBHelper.h; sourceTree = "<group>"; };
		BA15E2E52204880D00C9D7AE /* CLActionSheet.h */ = {isa = PBXFileReference; lastKnownFileType = sourcecode.c.h; path = CLActionSheet.h; sourceTree = "<group>"; };
		BA15E2E62204880D00C9D7AE /* CLActionSheet.m */ = {isa = PBXFileReference; lastKnownFileType = sourcecode.c.objc; path = CLActionSheet.m; sourceTree = "<group>"; };
		BA850C0221F89D84005248B5 /* CLUIViewController.m */ = {isa = PBXFileReference; fileEncoding = 4; lastKnownFileType = sourcecode.c.objc; path = CLUIViewController.m; sourceTree = "<group>"; };
		BA850C0321F89D84005248B5 /* CLUIViewController.h */ = {isa = PBXFileReference; fileEncoding = 4; lastKnownFileType = sourcecode.c.h; path = CLUIViewController.h; sourceTree = "<group>"; };
		BA850C0721F89DDD005248B5 /* UIButton+CLFaster.h */ = {isa = PBXFileReference; fileEncoding = 4; lastKnownFileType = sourcecode.c.h; path = "UIButton+CLFaster.h"; sourceTree = "<group>"; };
		BA850C0821F89DDD005248B5 /* UIView+CLFaster.h */ = {isa = PBXFileReference; fileEncoding = 4; lastKnownFileType = sourcecode.c.h; path = "UIView+CLFaster.h"; sourceTree = "<group>"; };
		BA850C0921F89DDD005248B5 /* UILabel+CLFaster.h */ = {isa = PBXFileReference; fileEncoding = 4; lastKnownFileType = sourcecode.c.h; path = "UILabel+CLFaster.h"; sourceTree = "<group>"; };
		BA850C0A21F89DDD005248B5 /* UIViewCLFaster.h */ = {isa = PBXFileReference; fileEncoding = 4; lastKnownFileType = sourcecode.c.h; path = UIViewCLFaster.h; sourceTree = "<group>"; };
		BA850C0B21F89DDD005248B5 /* UIView+CLFaster.m */ = {isa = PBXFileReference; fileEncoding = 4; lastKnownFileType = sourcecode.c.objc; path = "UIView+CLFaster.m"; sourceTree = "<group>"; };
		BA850C0C21F89DDD005248B5 /* UIButton+CLFaster.m */ = {isa = PBXFileReference; fileEncoding = 4; lastKnownFileType = sourcecode.c.objc; path = "UIButton+CLFaster.m"; sourceTree = "<group>"; };
		BA850C0D21F89DDD005248B5 /* UILabel+CLFaster.m */ = {isa = PBXFileReference; fileEncoding = 4; lastKnownFileType = sourcecode.c.objc; path = "UILabel+CLFaster.m"; sourceTree = "<group>"; };
		BA850C0F21F89DDD005248B5 /* CLNetworking.h */ = {isa = PBXFileReference; fileEncoding = 4; lastKnownFileType = sourcecode.c.h; path = CLNetworking.h; sourceTree = "<group>"; };
		BA850C1021F89DDD005248B5 /* EWSHttpRequest.h */ = {isa = PBXFileReference; fileEncoding = 4; lastKnownFileType = sourcecode.c.h; path = EWSHttpRequest.h; sourceTree = "<group>"; };
		BA850C1121F89DDD005248B5 /* CLNetworking.m */ = {isa = PBXFileReference; fileEncoding = 4; lastKnownFileType = sourcecode.c.objc; path = CLNetworking.m; sourceTree = "<group>"; };
		BA850C1221F89DDD005248B5 /* EWSHttpRequest.m */ = {isa = PBXFileReference; fileEncoding = 4; lastKnownFileType = sourcecode.c.objc; path = EWSHttpRequest.m; sourceTree = "<group>"; };
		BA850C1721F89DDD005248B5 /* UIView+CLPopAnimation.m */ = {isa = PBXFileReference; fileEncoding = 4; lastKnownFileType = sourcecode.c.objc; path = "UIView+CLPopAnimation.m"; sourceTree = "<group>"; };
		BA850C1821F89DDD005248B5 /* UIView+CLPopAnimation.h */ = {isa = PBXFileReference; fileEncoding = 4; lastKnownFileType = sourcecode.c.h; path = "UIView+CLPopAnimation.h"; sourceTree = "<group>"; };
/* End PBXFileReference section */

/* Begin PBXFrameworksBuildPhase section */
		9024A81421C1FA6800475C50 /* Frameworks */ = {
			isa = PBXFrameworksBuildPhase;
			buildActionMask = 2147483647;
			files = (
				4231D09E5CCFD058D14C4D43 /* libPods-CLKits.a in Frameworks */,
			);
			runOnlyForDeploymentPostprocessing = 0;
		};
/* End PBXFrameworksBuildPhase section */

/* Begin PBXGroup section */
		04BB729121F9615A009E7E9C /* JKDBModel */ = {
			isa = PBXGroup;
			children = (
				BA15E2B922034BE600C9D7AE /* JKDBHelper.h */,
				BA15E2B722034BE600C9D7AE /* JKDBHelper.m */,
				BA15E2B622034BE600C9D7AE /* JKDBModel.h */,
				BA15E2B822034BE600C9D7AE /* JKDBModel.m */,
			);
			path = JKDBModel;
			sourceTree = "<group>";
		};
		04BB729521F9900C009E7E9C /* CLDB-demo */ = {
			isa = PBXGroup;
			children = (
				04BB729621F99037009E7E9C /* CLDBViewController.h */,
				04BB729721F99037009E7E9C /* CLDBViewController.m */,
				04BB729921F99065009E7E9C /* User.h */,
				04BB729A21F99065009E7E9C /* User.m */,
			);
			path = "CLDB-demo";
			sourceTree = "<group>";
		};
		05389EE2925878FD22AE556E /* Frameworks */ = {
			isa = PBXGroup;
			children = (
				A737BD4D605BC371409D9C32 /* libPods-CLKits.a */,
			);
			name = Frameworks;
			sourceTree = "<group>";
		};
		9024A80E21C1FA6700475C50 = {
			isa = PBXGroup;
			children = (
				B46C056A221D2A9300B48510 /* CLKits.podspec */,
				9024A81921C1FA6800475C50 /* CLKits */,
				9024A81821C1FA6800475C50 /* Products */,
				05389EE2925878FD22AE556E /* Frameworks */,
				CBCF55F8E0109B516B196A2D /* Pods */,
			);
			sourceTree = "<group>";
		};
		9024A81821C1FA6800475C50 /* Products */ = {
			isa = PBXGroup;
			children = (
				9024A81721C1FA6800475C50 /* CLKits.app */,
			);
			name = Products;
			sourceTree = "<group>";
		};
		9024A81921C1FA6800475C50 /* CLKits */ = {
			isa = PBXGroup;
			children = (
				BA850C0521F89DDD005248B5 /* Sources */,
				9024A84721C1FAB900475C50 /* test-ui */,
				9024A81A21C1FA6800475C50 /* AppDelegate.h */,
				9024A81B21C1FA6800475C50 /* AppDelegate.m */,
				9024A81D21C1FA6800475C50 /* ViewController.h */,
				9024A81E21C1FA6800475C50 /* ViewController.m */,
				9024A82321C1FA6900475C50 /* Assets.xcassets */,
				9024A82521C1FA6900475C50 /* LaunchScreen.storyboard */,
				9024A82821C1FA6900475C50 /* Info.plist */,
				9024A82921C1FA6900475C50 /* main.m */,
			);
			path = CLKits;
			sourceTree = "<group>";
		};
		9024A84721C1FAB900475C50 /* test-ui */ = {
			isa = PBXGroup;
			children = (
				B479B244247B6A88008456A1 /* UITestBaseViewController */,
				04BB729521F9900C009E7E9C /* CLDB-demo */,
				BA850C0121F89D84005248B5 /* CLUI-demo */,
				9024A84821C1FAB900475C50 /* CLNetworking-demo */,
				9024A84B21C1FAB900475C50 /* CLPopAnimation-demo */,
			);
			path = "test-ui";
			sourceTree = "<group>";
		};
		9024A84821C1FAB900475C50 /* CLNetworking-demo */ = {
			isa = PBXGroup;
			children = (
				9024A84921C1FAB900475C50 /* CLNetworkingViewController.h */,
				9024A84A21C1FAB900475C50 /* CLNetworkingViewController.m */,
			);
			path = "CLNetworking-demo";
			sourceTree = "<group>";
		};
		9024A84B21C1FAB900475C50 /* CLPopAnimation-demo */ = {
			isa = PBXGroup;
			children = (
				9024A84C21C1FAB900475C50 /* CLPopingViewController.h */,
				9024A84D21C1FAB900475C50 /* CLPopingViewController.m */,
			);
			path = "CLPopAnimation-demo";
			sourceTree = "<group>";
		};
		B413A58925217F540075149E /* CLKeyboardView */ = {
			isa = PBXGroup;
			children = (
				B413A591252188100075149E /* AmountScrollView */,
				B413A58A25217F7A0075149E /* CLKeyboardModel.h */,
				B413A58B25217F7A0075149E /* CLKeyboardModel.m */,
				B413A58625217F4D0075149E /* CLKeyboardView.h */,
				B413A58725217F4D0075149E /* CLKeyboardView.m */,
				B413A58D252185A10075149E /* CLKeyboardButton.h */,
				B413A58E252185A10075149E /* CLKeyboardButton.m */,
			);
			path = CLKeyboardView;
			sourceTree = "<group>";
		};
		B413A591252188100075149E /* AmountScrollView */ = {
			isa = PBXGroup;
			children = (
				B413A592252188100075149E /* AmountRuler.h */,
				B413A593252188100075149E /* AmountScrollView.m */,
				B413A594252188100075149E /* AmountRuler.m */,
				B413A595252188100075149E /* AmountScrollView.h */,
			);
			path = AmountScrollView;
			sourceTree = "<group>";
		};
		B41C7F9C222F98CB008C2CDB /* CLTest */ = {
			isa = PBXGroup;
			children = (
			);
			path = CLTest;
			sourceTree = "<group>";
		};
		B41E2D2D221A5B3200DD5845 /* CLHUD */ = {
			isa = PBXGroup;
			children = (
				B47324CA221BA29E000361CA /* CLProgressHUD */,
				B41E2D2E221A5B5900DD5845 /* CLHUD.h */,
				B41E2D2F221A5B5900DD5845 /* CLHUD.m */,
			);
			path = CLHUD;
			sourceTree = "<group>";
		};
		B452CD772223D17900169FF8 /* resources */ = {
			isa = PBXGroup;
			children = (
				B452CD7C2223E52C00169FF8 /* github.png */,
				B452CD792223D19600169FF8 /* CLAlertViewCloseButton@2x.png */,
				B452CD782223D19600169FF8 /* CLAlertViewCloseButton@3x.png */,
			);
			path = resources;
			sourceTree = "<group>";
		};
		B47324CA221BA29E000361CA /* CLProgressHUD */ = {
			isa = PBXGroup;
			children = (
				B47324CD221BA318000361CA /* CLActivityIndicatorView.h */,
				B47324CE221BA318000361CA /* CLActivityIndicatorView.m */,
				B47324CC221BA318000361CA /* CLColorfulActivityView.h */,
				B47324CB221BA318000361CA /* CLColorfulActivityView.m */,
				B47324D8221BDC3C000361CA /* resources */,
			);
			path = CLProgressHUD;
			sourceTree = "<group>";
		};
		B47324D8221BDC3C000361CA /* resources */ = {
			isa = PBXGroup;
			children = (
				B47324D4221BDC2A000361CA /* ViewMaskAnimatedCircle.png */,
				B47324D5221BDC2A000361CA /* ViewMaskCenter.png */,
			);
			path = resources;
			sourceTree = "<group>";
		};
		B479B244247B6A88008456A1 /* UITestBaseViewController */ = {
			isa = PBXGroup;
			children = (
				B479B241247B6A72008456A1 /* UITestBaseViewController.h */,
				B479B242247B6A72008456A1 /* UITestBaseViewController.m */,
			);
			path = UITestBaseViewController;
			sourceTree = "<group>";
		};
		B479B245247BAE90008456A1 /* CLFormatField */ = {
			isa = PBXGroup;
			children = (
				B479B247247BAE90008456A1 /* clformatfield_clear_button.png */,
				B479B248247BAE90008456A1 /* CLFormatField.h */,
				B479B246247BAE90008456A1 /* CLFormatField.m */,
			);
			path = CLFormatField;
			sourceTree = "<group>";
		};
		B479B24C247BAEA8008456A1 /* CLExtensions */ = {
			isa = PBXGroup;
			children = (
				B479B27A247BB6C7008456A1 /* JSONWrapper.h */,
				B479B279247BB6C7008456A1 /* JSONWrapper.m */,
				B479B251247BAF3A008456A1 /* NSString+Helper.h */,
				B479B250247BAF3A008456A1 /* NSString+Helper.m */,
				B479B24E247BAF3A008456A1 /* NSString+Separate.h */,
				B479B24F247BAF3A008456A1 /* NSString+Separate.m */,
				B479B276247BB69D008456A1 /* NSString+Utils.h */,
				B479B277247BB69D008456A1 /* NSString+Utils.m */,
				B479B252247BAF3A008456A1 /* UITextField+ExtentRange.h */,
				B479B253247BAF3A008456A1 /* UITextField+ExtentRange.m */,
			);
			path = CLExtensions;
			sourceTree = "<group>";
		};
		B479B257247BB30E008456A1 /* CLIconButton */ = {
			isa = PBXGroup;
			children = (
				B479B258247BB347008456A1 /* CLIconButton.h */,
				B479B259247BB347008456A1 /* CLIconButton.m */,
			);
			path = CLIconButton;
			sourceTree = "<group>";
		};
		B479B25B247BB391008456A1 /* CLImageButton */ = {
			isa = PBXGroup;
			children = (
				B479B25D247BB39E008456A1 /* CLImageButton.h */,
				B479B25C247BB39E008456A1 /* CLImageButton.m */,
			);
			path = CLImageButton;
			sourceTree = "<group>";
		};
		B479B25F247BB4AC008456A1 /* CLCheckBox */ = {
			isa = PBXGroup;
			children = (
				B479B26D247BB548008456A1 /* images */,
				B479B260247BB4BF008456A1 /* CLCheckBox.h */,
				B479B261247BB4BF008456A1 /* CLCheckBox.m */,
			);
			path = CLCheckBox;
			sourceTree = "<group>";
		};
		B479B26D247BB548008456A1 /* images */ = {
			isa = PBXGroup;
			children = (
				B479B26E247BB551008456A1 /* checkbox_selected@2x.png */,
				B479B26F247BB551008456A1 /* checkbox_selected@3x.png */,
				B479B270247BB551008456A1 /* checkbox@2x.png */,
				B479B271247BB552008456A1 /* checkbox@3x.png */,
			);
			path = images;
			sourceTree = "<group>";
		};
		B4C677CD22266EF500E2B6E0 /* CLQRCode */ = {
			isa = PBXGroup;
			children = (
				B4C677CE22266F6500E2B6E0 /* CLQRCode.h */,
				B4C677CF22266F6500E2B6E0 /* CLQRCode.m */,
			);
			path = CLQRCode;
			sourceTree = "<group>";
		};
		BA15E2E02204800F00C9D7AE /* CLActionSheet */ = {
			isa = PBXGroup;
			children = (
				BA15E2E52204880D00C9D7AE /* CLActionSheet.h */,
				BA15E2E62204880D00C9D7AE /* CLActionSheet.m */,
			);
			path = CLActionSheet;
			sourceTree = "<group>";
		};
		BA15E2E12204804100C9D7AE /* CLAlertView */ = {
			isa = PBXGroup;
			children = (
				B452CD772223D17900169FF8 /* resources */,
				B4BF40E2221F9D0F00B0C35E /* CLAlertView.h */,
				B4BF40E3221F9D0F00B0C35E /* CLAlertView.m */,
			);
			path = CLAlertView;
			sourceTree = "<group>";
		};
		BA850C0121F89D84005248B5 /* CLUI-demo */ = {
			isa = PBXGroup;
			children = (
				BA850C0321F89D84005248B5 /* CLUIViewController.h */,
				BA850C0221F89D84005248B5 /* CLUIViewController.m */,
			);
			path = "CLUI-demo";
			sourceTree = "<group>";
		};
		BA850C0521F89DDD005248B5 /* Sources */ = {
			isa = PBXGroup;
			children = (
				B479B24C247BAEA8008456A1 /* CLExtensions */,
				BA850C0E21F89DDD005248B5 /* CLNetworking */,
				BA850C1621F89DDD005248B5 /* CLPopAnimation */,
				B41C7F9C222F98CB008C2CDB /* CLTest */,
				BA850C1321F89DDD005248B5 /* CLUI */,
				04BB729121F9615A009E7E9C /* JKDBModel */,
				B479B240247B6765008456A1 /* EnvConstant.h */,
				B413A590252187860075149E /* JKSizeFix.h */,
			);
			name = Sources;
			path = ../../Sources;
			sourceTree = "<group>";
		};
		BA850C0621F89DDD005248B5 /* CLViewFaster */ = {
			isa = PBXGroup;
			children = (
				BA850C0721F89DDD005248B5 /* UIButton+CLFaster.h */,
				BA850C0C21F89DDD005248B5 /* UIButton+CLFaster.m */,
				BA850C0921F89DDD005248B5 /* UILabel+CLFaster.h */,
				BA850C0D21F89DDD005248B5 /* UILabel+CLFaster.m */,
				BA850C0821F89DDD005248B5 /* UIView+CLFaster.h */,
				BA850C0B21F89DDD005248B5 /* UIView+CLFaster.m */,
				BA850C0A21F89DDD005248B5 /* UIViewCLFaster.h */,
			);
			path = CLViewFaster;
			sourceTree = "<group>";
		};
		BA850C0E21F89DDD005248B5 /* CLNetworking */ = {
			isa = PBXGroup;
			children = (
				BA850C0F21F89DDD005248B5 /* CLNetworking.h */,
				BA850C1121F89DDD005248B5 /* CLNetworking.m */,
				BA850C1021F89DDD005248B5 /* EWSHttpRequest.h */,
				BA850C1221F89DDD005248B5 /* EWSHttpRequest.m */,
			);
			path = CLNetworking;
			sourceTree = "<group>";
		};
		BA850C1321F89DDD005248B5 /* CLUI */ = {
			isa = PBXGroup;
			children = (
				B413A58925217F540075149E /* CLKeyboardView */,
				B479B25F247BB4AC008456A1 /* CLCheckBox */,
				B479B25B247BB391008456A1 /* CLImageButton */,
				B479B257247BB30E008456A1 /* CLIconButton */,
				B479B245247BAE90008456A1 /* CLFormatField */,
				BA850C0621F89DDD005248B5 /* CLViewFaster */,
				B4C677CD22266EF500E2B6E0 /* CLQRCode */,
				B41E2D2D221A5B3200DD5845 /* CLHUD */,
				BA15E2E12204804100C9D7AE /* CLAlertView */,
				BA15E2E02204800F00C9D7AE /* CLActionSheet */,
			);
			path = CLUI;
			sourceTree = "<group>";
		};
		BA850C1621F89DDD005248B5 /* CLPopAnimation */ = {
			isa = PBXGroup;
			children = (
				BA850C1821F89DDD005248B5 /* UIView+CLPopAnimation.h */,
				BA850C1721F89DDD005248B5 /* UIView+CLPopAnimation.m */,
			);
			path = CLPopAnimation;
			sourceTree = "<group>";
		};
		CBCF55F8E0109B516B196A2D /* Pods */ = {
			isa = PBXGroup;
			children = (
				519DF7D04BF0E33D5ACA5B27 /* Pods-CLKits.debug.xcconfig */,
				9FDBF9F0FFE168A1B954F59E /* Pods-CLKits.release.xcconfig */,
			);
			name = Pods;
			sourceTree = "<group>";
		};
/* End PBXGroup section */

/* Begin PBXNativeTarget section */
		9024A81621C1FA6800475C50 /* CLKits */ = {
			isa = PBXNativeTarget;
			buildConfigurationList = 9024A82D21C1FA6900475C50 /* Build configuration list for PBXNativeTarget "CLKits" */;
			buildPhases = (
				756D677769F554F167F1333B /* [CP] Check Pods Manifest.lock */,
				9024A81321C1FA6800475C50 /* Sources */,
				9024A81421C1FA6800475C50 /* Frameworks */,
				9024A81521C1FA6800475C50 /* Resources */,
				33DF273E51D575CCDECF7AA8 /* [CP] Copy Pods Resources */,
				91372E24FDF056959217332B /* [CP] Embed Pods Frameworks */,
			);
			buildRules = (
			);
			dependencies = (
			);
			name = CLKits;
			productName = CLKits;
			productReference = 9024A81721C1FA6800475C50 /* CLKits.app */;
			productType = "com.apple.product-type.application";
		};
/* End PBXNativeTarget section */

/* Begin PBXProject section */
		9024A80F21C1FA6700475C50 /* Project object */ = {
			isa = PBXProject;
			attributes = {
				LastUpgradeCheck = 1010;
				ORGANIZATIONNAME = chenl;
				TargetAttributes = {
					9024A81621C1FA6800475C50 = {
						CreatedOnToolsVersion = 10.1;
					};
				};
			};
			buildConfigurationList = 9024A81221C1FA6700475C50 /* Build configuration list for PBXProject "CLKits" */;
			compatibilityVersion = "Xcode 9.3";
			developmentRegion = en;
			hasScannedForEncodings = 0;
			knownRegions = (
				en,
				Base,
			);
			mainGroup = 9024A80E21C1FA6700475C50;
			productRefGroup = 9024A81821C1FA6800475C50 /* Products */;
			projectDirPath = "";
			projectRoot = "";
			targets = (
				9024A81621C1FA6800475C50 /* CLKits */,
			);
		};
/* End PBXProject section */

/* Begin PBXResourcesBuildPhase section */
		9024A81521C1FA6800475C50 /* Resources */ = {
			isa = PBXResourcesBuildPhase;
			buildActionMask = 2147483647;
			files = (
				B479B273247BB552008456A1 /* checkbox_selected@3x.png in Resources */,
				B479B272247BB552008456A1 /* checkbox_selected@2x.png in Resources */,
				B452CD7D2223E52C00169FF8 /* github.png in Resources */,
				9024A82721C1FA6900475C50 /* LaunchScreen.storyboard in Resources */,
				B46C056B221D2A9300B48510 /* CLKits.podspec in Resources */,
				B47324D7221BDC2A000361CA /* ViewMaskCenter.png in Resources */,
				B479B275247BB552008456A1 /* checkbox@3x.png in Resources */,
				B452CD7A2223D19600169FF8 /* CLAlertViewCloseButton@3x.png in Resources */,
				B452CD7B2223D19600169FF8 /* CLAlertViewCloseButton@2x.png in Resources */,
				B479B24A247BAE90008456A1 /* clformatfield_clear_button.png in Resources */,
				B47324D6221BDC2A000361CA /* ViewMaskAnimatedCircle.png in Resources */,
				9024A82421C1FA6900475C50 /* Assets.xcassets in Resources */,
				B479B274247BB552008456A1 /* checkbox@2x.png in Resources */,
			);
			runOnlyForDeploymentPostprocessing = 0;
		};
/* End PBXResourcesBuildPhase section */

/* Begin PBXShellScriptBuildPhase section */
		33DF273E51D575CCDECF7AA8 /* [CP] Copy Pods Resources */ = {
			isa = PBXShellScriptBuildPhase;
			buildActionMask = 2147483647;
			files = (
			);
			inputFileListPaths = (
			);
			inputPaths = (
				"${PODS_ROOT}/Target Support Files/Pods-CLKits/Pods-CLKits-resources.sh",
				"${PODS_ROOT}/FTIndicator/FTIndicator/FTProgressIndicator/FTProgressIndicator.bundle",
				"${PODS_ROOT}/SVProgressHUD/SVProgressHUD/SVProgressHUD.bundle",
			);
			name = "[CP] Copy Pods Resources";
			outputFileListPaths = (
			);
			outputPaths = (
				"${TARGET_BUILD_DIR}/${UNLOCALIZED_RESOURCES_FOLDER_PATH}/FTProgressIndicator.bundle",
				"${TARGET_BUILD_DIR}/${UNLOCALIZED_RESOURCES_FOLDER_PATH}/SVProgressHUD.bundle",
			);
			runOnlyForDeploymentPostprocessing = 0;
			shellPath = /bin/sh;
			shellScript = "\"${PODS_ROOT}/Target Support Files/Pods-CLKits/Pods-CLKits-resources.sh\"\n";
			showEnvVarsInLog = 0;
		};
		756D677769F554F167F1333B /* [CP] Check Pods Manifest.lock */ = {
			isa = PBXShellScriptBuildPhase;
			buildActionMask = 2147483647;
			files = (
			);
			inputFileListPaths = (
			);
			inputPaths = (
				"${PODS_PODFILE_DIR_PATH}/Podfile.lock",
				"${PODS_ROOT}/Manifest.lock",
			);
			name = "[CP] Check Pods Manifest.lock";
			outputFileListPaths = (
			);
			outputPaths = (
				"$(DERIVED_FILE_DIR)/Pods-CLKits-checkManifestLockResult.txt",
			);
			runOnlyForDeploymentPostprocessing = 0;
			shellPath = /bin/sh;
			shellScript = "diff \"${PODS_PODFILE_DIR_PATH}/Podfile.lock\" \"${PODS_ROOT}/Manifest.lock\" > /dev/null\nif [ $? != 0 ] ; then\n    # print error to STDERR\n    echo \"error: The sandbox is not in sync with the Podfile.lock. Run 'pod install' or update your CocoaPods installation.\" >&2\n    exit 1\nfi\n# This output is used by Xcode 'outputs' to avoid re-running this script phase.\necho \"SUCCESS\" > \"${SCRIPT_OUTPUT_FILE_0}\"\n";
			showEnvVarsInLog = 0;
		};
		91372E24FDF056959217332B /* [CP] Embed Pods Frameworks */ = {
			isa = PBXShellScriptBuildPhase;
			buildActionMask = 2147483647;
			files = (
			);
			inputFileListPaths = (
			);
			inputPaths = (
				"${PODS_ROOT}/Target Support Files/Pods-CLKits/Pods-CLKits-frameworks.sh",
				"${PODS_ROOT}/TTAnalyzeLoadTime/Products/TTLoadTime.framework",
			);
			name = "[CP] Embed Pods Frameworks";
			outputFileListPaths = (
			);
			outputPaths = (
				"${TARGET_BUILD_DIR}/${FRAMEWORKS_FOLDER_PATH}/TTLoadTime.framework",
			);
			runOnlyForDeploymentPostprocessing = 0;
			shellPath = /bin/sh;
			shellScript = "\"${PODS_ROOT}/Target Support Files/Pods-CLKits/Pods-CLKits-frameworks.sh\"\n";
			showEnvVarsInLog = 0;
		};
/* End PBXShellScriptBuildPhase section */

/* Begin PBXSourcesBuildPhase section */
		9024A81321C1FA6800475C50 /* Sources */ = {
			isa = PBXSourcesBuildPhase;
			buildActionMask = 2147483647;
			files = (
				04BB729B21F99065009E7E9C /* User.m in Sources */,
				9024A81F21C1FA6800475C50 /* ViewController.m in Sources */,
				B4BF40E4221F9D0F00B0C35E /* CLAlertView.m in Sources */,
				B479B27B247BB6C7008456A1 /* JSONWrapper.m in Sources */,
				04BB729821F99037009E7E9C /* CLDBViewController.m in Sources */,
				BA850C0421F89D84005248B5 /* CLUIViewController.m in Sources */,
				B479B254247BAF3B008456A1 /* NSString+Separate.m in Sources */,
				9024A82A21C1FA6900475C50 /* main.m in Sources */,
				9024A84F21C1FAB900475C50 /* CLPopingViewController.m in Sources */,
				B413A597252188100075149E /* AmountRuler.m in Sources */,
				B47324CF221BA318000361CA /* CLColorfulActivityView.m in Sources */,
				9024A81C21C1FA6800475C50 /* AppDelegate.m in Sources */,
				B479B256247BAF3B008456A1 /* UITextField+ExtentRange.m in Sources */,
				B479B278247BB69D008456A1 /* NSString+Utils.m in Sources */,
				B413A58C25217F7A0075149E /* CLKeyboardModel.m in Sources */,
				B479B262247BB4BF008456A1 /* CLCheckBox.m in Sources */,
				B47324D0221BA318000361CA /* CLActivityIndicatorView.m in Sources */,
				B479B25E247BB39E008456A1 /* CLImageButton.m in Sources */,
				B479B255247BAF3B008456A1 /* NSString+Helper.m in Sources */,
				B479B25A247BB347008456A1 /* CLIconButton.m in Sources */,
				BA15E2E72204880D00C9D7AE /* CLActionSheet.m in Sources */,
				BA15E2BB22034BE700C9D7AE /* JKDBModel.m in Sources */,
				B41E2D30221A5B5900DD5845 /* CLHUD.m in Sources */,
				BA850C1921F89DDD005248B5 /* UIView+CLFaster.m in Sources */,
				BA850C1C21F89DDD005248B5 /* CLNetworking.m in Sources */,
				B413A58825217F4D0075149E /* CLKeyboardView.m in Sources */,
				9024A84E21C1FAB900475C50 /* CLNetworkingViewController.m in Sources */,
				B4C677D022266F6500E2B6E0 /* CLQRCode.m in Sources */,
				BA850C1B21F89DDD005248B5 /* UILabel+CLFaster.m in Sources */,
				BA850C1F21F89DDD005248B5 /* UIView+CLPopAnimation.m in Sources */,
				B479B243247B6A72008456A1 /* UITestBaseViewController.m in Sources */,
				BA850C1A21F89DDD005248B5 /* UIButton+CLFaster.m in Sources */,
				B413A596252188100075149E /* AmountScrollView.m in Sources */,
				BA15E2BA22034BE600C9D7AE /* JKDBHelper.m in Sources */,
				B413A58F252185A10075149E /* CLKeyboardButton.m in Sources */,
				B479B249247BAE90008456A1 /* CLFormatField.m in Sources */,
				BA850C1D21F89DDD005248B5 /* EWSHttpRequest.m in Sources */,
			);
			runOnlyForDeploymentPostprocessing = 0;
		};
/* End PBXSourcesBuildPhase section */

/* Begin PBXVariantGroup section */
		9024A82521C1FA6900475C50 /* LaunchScreen.storyboard */ = {
			isa = PBXVariantGroup;
			children = (
				9024A82621C1FA6900475C50 /* Base */,
			);
			name = LaunchScreen.storyboard;
			sourceTree = "<group>";
		};
/* End PBXVariantGroup section */

/* Begin XCBuildConfiguration section */
		9024A82B21C1FA6900475C50 /* Debug */ = {
			isa = XCBuildConfiguration;
			buildSettings = {
				ALWAYS_SEARCH_USER_PATHS = NO;
				CLANG_ANALYZER_NONNULL = YES;
				CLANG_ANALYZER_NUMBER_OBJECT_CONVERSION = YES_AGGRESSIVE;
				CLANG_CXX_LANGUAGE_STANDARD = "gnu++14";
				CLANG_CXX_LIBRARY = "libc++";
				CLANG_ENABLE_MODULES = YES;
				CLANG_ENABLE_OBJC_ARC = YES;
				CLANG_ENABLE_OBJC_WEAK = YES;
				CLANG_WARN_BLOCK_CAPTURE_AUTORELEASING = YES;
				CLANG_WARN_BOOL_CONVERSION = YES;
				CLANG_WARN_COMMA = YES;
				CLANG_WARN_CONSTANT_CONVERSION = YES;
				CLANG_WARN_DEPRECATED_OBJC_IMPLEMENTATIONS = YES;
				CLANG_WARN_DIRECT_OBJC_ISA_USAGE = YES_ERROR;
				CLANG_WARN_DOCUMENTATION_COMMENTS = YES;
				CLANG_WARN_EMPTY_BODY = YES;
				CLANG_WARN_ENUM_CONVERSION = YES;
				CLANG_WARN_INFINITE_RECURSION = YES;
				CLANG_WARN_INT_CONVERSION = YES;
				CLANG_WARN_NON_LITERAL_NULL_CONVERSION = YES;
				CLANG_WARN_OBJC_IMPLICIT_RETAIN_SELF = YES;
				CLANG_WARN_OBJC_LITERAL_CONVERSION = YES;
				CLANG_WARN_OBJC_ROOT_CLASS = YES_ERROR;
				CLANG_WARN_RANGE_LOOP_ANALYSIS = YES;
				CLANG_WARN_STRICT_PROTOTYPES = YES;
				CLANG_WARN_SUSPICIOUS_MOVE = YES;
				CLANG_WARN_UNGUARDED_AVAILABILITY = YES_AGGRESSIVE;
				CLANG_WARN_UNREACHABLE_CODE = YES;
				CLANG_WARN__DUPLICATE_METHOD_MATCH = YES;
				CODE_SIGN_IDENTITY = "iPhone Developer";
				COPY_PHASE_STRIP = NO;
				DEBUG_INFORMATION_FORMAT = dwarf;
				ENABLE_STRICT_OBJC_MSGSEND = YES;
				ENABLE_TESTABILITY = YES;
				GCC_C_LANGUAGE_STANDARD = gnu11;
				GCC_DYNAMIC_NO_PIC = NO;
				GCC_NO_COMMON_BLOCKS = YES;
				GCC_OPTIMIZATION_LEVEL = 0;
				GCC_PREPROCESSOR_DEFINITIONS = (
					"DEBUG=1",
					"$(inherited)",
				);
				GCC_WARN_64_TO_32_BIT_CONVERSION = YES;
				GCC_WARN_ABOUT_RETURN_TYPE = YES_ERROR;
				GCC_WARN_UNDECLARED_SELECTOR = YES;
				GCC_WARN_UNINITIALIZED_AUTOS = YES_AGGRESSIVE;
				GCC_WARN_UNUSED_FUNCTION = YES;
				GCC_WARN_UNUSED_VARIABLE = YES;
				IPHONEOS_DEPLOYMENT_TARGET = 8.0;
				MTL_ENABLE_DEBUG_INFO = INCLUDE_SOURCE;
				MTL_FAST_MATH = YES;
				ONLY_ACTIVE_ARCH = YES;
				SDKROOT = iphoneos;
			};
			name = Debug;
		};
		9024A82C21C1FA6900475C50 /* Release */ = {
			isa = XCBuildConfiguration;
			buildSettings = {
				ALWAYS_SEARCH_USER_PATHS = NO;
				CLANG_ANALYZER_NONNULL = YES;
				CLANG_ANALYZER_NUMBER_OBJECT_CONVERSION = YES_AGGRESSIVE;
				CLANG_CXX_LANGUAGE_STANDARD = "gnu++14";
				CLANG_CXX_LIBRARY = "libc++";
				CLANG_ENABLE_MODULES = YES;
				CLANG_ENABLE_OBJC_ARC = YES;
				CLANG_ENABLE_OBJC_WEAK = YES;
				CLANG_WARN_BLOCK_CAPTURE_AUTORELEASING = YES;
				CLANG_WARN_BOOL_CONVERSION = YES;
				CLANG_WARN_COMMA = YES;
				CLANG_WARN_CONSTANT_CONVERSION = YES;
				CLANG_WARN_DEPRECATED_OBJC_IMPLEMENTATIONS = YES;
				CLANG_WARN_DIRECT_OBJC_ISA_USAGE = YES_ERROR;
				CLANG_WARN_DOCUMENTATION_COMMENTS = YES;
				CLANG_WARN_EMPTY_BODY = YES;
				CLANG_WARN_ENUM_CONVERSION = YES;
				CLANG_WARN_INFINITE_RECURSION = YES;
				CLANG_WARN_INT_CONVERSION = YES;
				CLANG_WARN_NON_LITERAL_NULL_CONVERSION = YES;
				CLANG_WARN_OBJC_IMPLICIT_RETAIN_SELF = YES;
				CLANG_WARN_OBJC_LITERAL_CONVERSION = YES;
				CLANG_WARN_OBJC_ROOT_CLASS = YES_ERROR;
				CLANG_WARN_RANGE_LOOP_ANALYSIS = YES;
				CLANG_WARN_STRICT_PROTOTYPES = YES;
				CLANG_WARN_SUSPICIOUS_MOVE = YES;
				CLANG_WARN_UNGUARDED_AVAILABILITY = YES_AGGRESSIVE;
				CLANG_WARN_UNREACHABLE_CODE = YES;
				CLANG_WARN__DUPLICATE_METHOD_MATCH = YES;
				CODE_SIGN_IDENTITY = "iPhone Developer";
				COPY_PHASE_STRIP = NO;
				DEBUG_INFORMATION_FORMAT = "dwarf-with-dsym";
				ENABLE_NS_ASSERTIONS = NO;
				ENABLE_STRICT_OBJC_MSGSEND = YES;
				GCC_C_LANGUAGE_STANDARD = gnu11;
				GCC_NO_COMMON_BLOCKS = YES;
				GCC_WARN_64_TO_32_BIT_CONVERSION = YES;
				GCC_WARN_ABOUT_RETURN_TYPE = YES_ERROR;
				GCC_WARN_UNDECLARED_SELECTOR = YES;
				GCC_WARN_UNINITIALIZED_AUTOS = YES_AGGRESSIVE;
				GCC_WARN_UNUSED_FUNCTION = YES;
				GCC_WARN_UNUSED_VARIABLE = YES;
				IPHONEOS_DEPLOYMENT_TARGET = 8.0;
				MTL_ENABLE_DEBUG_INFO = NO;
				MTL_FAST_MATH = YES;
				SDKROOT = iphoneos;
				VALIDATE_PRODUCT = YES;
			};
			name = Release;
		};
		9024A82E21C1FA6900475C50 /* Debug */ = {
			isa = XCBuildConfiguration;
			baseConfigurationReference = 519DF7D04BF0E33D5ACA5B27 /* Pods-CLKits.debug.xcconfig */;
			buildSettings = {
				ASSETCATALOG_COMPILER_APPICON_NAME = AppIcon;
				CLANG_ALLOW_NON_MODULAR_INCLUDES_IN_FRAMEWORK_MODULES = YES;
				CODE_SIGN_IDENTITY = "iPhone Developer";
				CODE_SIGN_STYLE = Manual;
				DEVELOPMENT_TEAM = D38C434CHM;
				INFOPLIST_FILE = CLKits/Info.plist;
				LD_RUNPATH_SEARCH_PATHS = (
					"$(inherited)",
					"@executable_path/Frameworks",
				);
				PRODUCT_BUNDLE_IDENTIFIER = com.chenl.dev;
				PRODUCT_NAME = "$(TARGET_NAME)";
				PROVISIONING_PROFILE_SPECIFIER = YinYinPingTai;
				TARGETED_DEVICE_FAMILY = "1,2";
			};
			name = Debug;
		};
		9024A82F21C1FA6900475C50 /* Release */ = {
			isa = XCBuildConfiguration;
			baseConfigurationReference = 9FDBF9F0FFE168A1B954F59E /* Pods-CLKits.release.xcconfig */;
			buildSettings = {
				ASSETCATALOG_COMPILER_APPICON_NAME = AppIcon;
				CLANG_ALLOW_NON_MODULAR_INCLUDES_IN_FRAMEWORK_MODULES = YES;
				CODE_SIGN_IDENTITY = "iPhone Developer";
				CODE_SIGN_STYLE = Manual;
				DEVELOPMENT_TEAM = D38C434CHM;
				INFOPLIST_FILE = CLKits/Info.plist;
				LD_RUNPATH_SEARCH_PATHS = (
					"$(inherited)",
					"@executable_path/Frameworks",
				);
				PRODUCT_BUNDLE_IDENTIFIER = com.chenl.dev;
				PRODUCT_NAME = "$(TARGET_NAME)";
				PROVISIONING_PROFILE_SPECIFIER = YinYinPingTai;
				TARGETED_DEVICE_FAMILY = "1,2";
			};
			name = Release;
		};
/* End XCBuildConfiguration section */

/* Begin XCConfigurationList section */
		9024A81221C1FA6700475C50 /* Build configuration list for PBXProject "CLKits" */ = {
			isa = XCConfigurationList;
			buildConfigurations = (
				9024A82B21C1FA6900475C50 /* Debug */,
				9024A82C21C1FA6900475C50 /* Release */,
			);
			defaultConfigurationIsVisible = 0;
			defaultConfigurationName = Release;
		};
		9024A82D21C1FA6900475C50 /* Build configuration list for PBXNativeTarget "CLKits" */ = {
			isa = XCConfigurationList;
			buildConfigurations = (
				9024A82E21C1FA6900475C50 /* Debug */,
				9024A82F21C1FA6900475C50 /* Release */,
			);
			defaultConfigurationIsVisible = 0;
			defaultConfigurationName = Release;
		};
/* End XCConfigurationList section */
	};
	rootObject = 9024A80F21C1FA6700475C50 /* Project object */;
}
